
Microsoft Visual Studio Solution File, Format Version 12.00
# Visual Studio Version 16
VisualStudioVersion = 16.0.31019.35
MinimumVisualStudioVersion = 10.0.40219.1
Project("{9A19103F-16F7-4668-BE54-9A1E7A4F7556}") = "AdventureWorksERM", "AdventureWorksERM\AdventureWorksERM.csproj", "{E67A3CE2-AF0F-4A44-80D6-81AF1D1C5E91}"
EndProject
Project("{9A19103F-16F7-4668-BE54-9A1E7A4F7556}") = "AdventureWorksERM_Test", "AdventureWorks_Test\AdventureWorksERM_Test.csproj", "{68821B75-FB5D-4E79-918B-C21E2DAB395A}"
EndProject
Global
	GlobalSection(SolutionConfigurationPlatforms) = preSolution
		Debug|Any CPU = Debug|Any CPU
		Release|Any CPU = Release|Any CPU
	EndGlobalSection
	GlobalSection(ProjectConfigurationPlatforms) = postSolution
		{E67A3CE2-AF0F-4A44-80D6-81AF1D1C5E91}.Debug|Any CPU.ActiveCfg = Debug|Any CPU
		{E67A3CE2-AF0F-4A44-80D6-81AF1D1C5E91}.Debug|Any CPU.Build.0 = Debug|Any CPU
		{E67A3CE2-AF0F-4A44-80D6-81AF1D1C5E91}.Release|Any CPU.ActiveCfg = Release|Any CPU
		{E67A3CE2-AF0F-4A44-80D6-81AF1D1C5E91}.Release|Any CPU.Build.0 = Release|Any CPU
		{68821B75-FB5D-4E79-918B-C21E2DAB395A}.Debug|Any CPU.ActiveCfg = Debug|Any CPU
		{68821B75-FB5D-4E79-918B-C21E2DAB395A}.Debug|Any CPU.Build.0 = Debug|Any CPU
		{68821B75-FB5D-4E79-918B-C21E2DAB395A}.Release|Any CPU.ActiveCfg = Release|Any CPU
		{68821B75-FB5D-4E79-918B-C21E2DAB395A}.Release|Any CPU.Build.0 = Release|Any CPU
	EndGlobalSection
	GlobalSection(SolutionProperties) = preSolution
		HideSolutionNode = FALSE
	EndGlobalSection
	GlobalSection(ExtensibilityGlobals) = postSolution
		SolutionGuid = {5988D1E4-5088-40FD-86D9-9A0F4573E9D7}
	EndGlobalSection
EndGlobal
